
Microsoft Visual Studio Solution File, Format Version 12.00
# Visual Studio Version 17
VisualStudioVersion = 17.9.34714.143
MinimumVisualStudioVersion = 10.0.40219.1
Project("{FAE04EC0-301F-11D3-BF4B-00C04F79EFBC}") = "IT-Events", "Service_0.0.1\IT-Events.csproj", "{A0AE7258-63F4-4200-B6F5-24617D1D162D}"
EndProject
Global
	GlobalSection(SolutionConfigurationPlatforms) = preSolution
		Debug|Any CPU = Debug|Any CPU
		Release|Any CPU = Release|Any CPU
	EndGlobalSection
	GlobalSection(ProjectConfigurationPlatforms) = postSolution
		{A0AE7258-63F4-4200-B6F5-24617D1D162D}.Debug|Any CPU.ActiveCfg = Debug|Any CPU
		{A0AE7258-63F4-4200-B6F5-24617D1D162D}.Debug|Any CPU.Build.0 = Debug|Any CPU
		{A0AE7258-63F4-4200-B6F5-24617D1D162D}.Release|Any CPU.ActiveCfg = Release|Any CPU
		{A0AE7258-63F4-4200-B6F5-24617D1D162D}.Release|Any CPU.Build.0 = Release|Any CPU
	EndGlobalSection
	GlobalSection(SolutionProperties) = preSolution
		HideSolutionNode = FALSE
	EndGlobalSection
	GlobalSection(ExtensibilityGlobals) = postSolution
		SolutionGuid = {3F20A6FF-458F-4E22-A294-DF83DA98E63E}
	EndGlobalSection
EndGlobal
